
Microsoft Visual Studio Solution File, Format Version 12.00
# Visual Studio Version 16
VisualStudioVersion = 16.0.31727.386
MinimumVisualStudioVersion = 10.0.40219.1
Project("{FAE04EC0-301F-11D3-BF4B-00C04F79EFBC}") = "S7ChasiAlexSqlLITE.Android", "S7ChasiAlexSqlLITE.Android\S7ChasiAlexSqlLITE.Android.csproj", "{3A8AE2BC-72E1-4A68-9541-8C157F6EA9FD}"
EndProject
Project("{FAE04EC0-301F-11D3-BF4B-00C04F79EFBC}") = "S7ChasiAlexSqlLITE.iOS", "S7ChasiAlexSqlLITE.iOS\S7ChasiAlexSqlLITE.iOS.csproj", "{411A8C3C-1F1F-4BB3-935A-D69549E08AF4}"
EndProject
Project("{FAE04EC0-301F-11D3-BF4B-00C04F79EFBC}") = "S7ChasiAlexSqlLITE", "S7ChasiAlexSqlLITE\S7ChasiAlexSqlLITE.csproj", "{C43AB87A-A675-4AD5-989A-E032C464C25B}"
EndProject
Global
	GlobalSection(SolutionConfigurationPlatforms) = preSolution
		Debug|Any CPU = Debug|Any CPU
		Debug|iPhone = Debug|iPhone
		Debug|iPhoneSimulator = Debug|iPhoneSimulator
		Release|Any CPU = Release|Any CPU
		Release|iPhone = Release|iPhone
		Release|iPhoneSimulator = Release|iPhoneSimulator
	EndGlobalSection
	GlobalSection(ProjectConfigurationPlatforms) = postSolution
		{3A8AE2BC-72E1-4A68-9541-8C157F6EA9FD}.Debug|Any CPU.ActiveCfg = Debug|Any CPU
		{3A8AE2BC-72E1-4A68-9541-8C157F6EA9FD}.Debug|Any CPU.Build.0 = Debug|Any CPU
		{3A8AE2BC-72E1-4A68-9541-8C157F6EA9FD}.Debug|Any CPU.Deploy.0 = Debug|Any CPU
		{3A8AE2BC-72E1-4A68-9541-8C157F6EA9FD}.Debug|iPhone.ActiveCfg = Debug|Any CPU
		{3A8AE2BC-72E1-4A68-9541-8C157F6EA9FD}.Debug|iPhone.Build.0 = Debug|Any CPU
		{3A8AE2BC-72E1-4A68-9541-8C157F6EA9FD}.Debug|iPhone.Deploy.0 = Debug|Any CPU
		{3A8AE2BC-72E1-4A68-9541-8C157F6EA9FD}.Debug|iPhoneSimulator.ActiveCfg = Debug|Any CPU
		{3A8AE2BC-72E1-4A68-9541-8C157F6EA9FD}.Debug|iPhoneSimulator.Build.0 = Debug|Any CPU
		{3A8AE2BC-72E1-4A68-9541-8C157F6EA9FD}.Debug|iPhoneSimulator.Deploy.0 = Debug|Any CPU
		{3A8AE2BC-72E1-4A68-9541-8C157F6EA9FD}.Release|Any CPU.ActiveCfg = Release|Any CPU
		{3A8AE2BC-72E1-4A68-9541-8C157F6EA9FD}.Release|Any CPU.Build.0 = Release|Any CPU
		{3A8AE2BC-72E1-4A68-9541-8C157F6EA9FD}.Release|Any CPU.Deploy.0 = Release|Any CPU
		{3A8AE2BC-72E1-4A68-9541-8C157F6EA9FD}.Release|iPhone.ActiveCfg = Release|Any CPU
		{3A8AE2BC-72E1-4A68-9541-8C157F6EA9FD}.Release|iPhone.Build.0 = Release|Any CPU
		{3A8AE2BC-72E1-4A68-9541-8C157F6EA9FD}.Release|iPhone.Deploy.0 = Release|Any CPU
		{3A8AE2BC-72E1-4A68-9541-8C157F6EA9FD}.Release|iPhoneSimulator.ActiveCfg = Release|Any CPU
		{3A8AE2BC-72E1-4A68-9541-8C157F6EA9FD}.Release|iPhoneSimulator.Build.0 = Release|Any CPU
		{3A8AE2BC-72E1-4A68-9541-8C157F6EA9FD}.Release|iPhoneSimulator.Deploy.0 = Release|Any CPU
		{411A8C3C-1F1F-4BB3-935A-D69549E08AF4}.Debug|Any CPU.ActiveCfg = Debug|iPhone
		{411A8C3C-1F1F-4BB3-935A-D69549E08AF4}.Debug|Any CPU.Build.0 = Debug|iPhone
		{411A8C3C-1F1F-4BB3-935A-D69549E08AF4}.Debug|Any CPU.Deploy.0 = Debug|iPhone
		{411A8C3C-1F1F-4BB3-935A-D69549E08AF4}.Debug|iPhone.ActiveCfg = Debug|iPhone
		{411A8C3C-1F1F-4BB3-935A-D69549E08AF4}.Debug|iPhone.Build.0 = Debug|iPhone
		{411A8C3C-1F1F-4BB3-935A-D69549E08AF4}.Debug|iPhone.Deploy.0 = Debug|iPhone
		{411A8C3C-1F1F-4BB3-935A-D69549E08AF4}.Debug|iPhoneSimulator.ActiveCfg = Debug|iPhoneSimulator
		{411A8C3C-1F1F-4BB3-935A-D69549E08AF4}.Debug|iPhoneSimulator.Build.0 = Debug|iPhoneSimulator
		{411A8C3C-1F1F-4BB3-935A-D69549E08AF4}.Debug|iPhoneSimulator.Deploy.0 = Debug|iPhoneSimulator
		{411A8C3C-1F1F-4BB3-935A-D69549E08AF4}.Release|Any CPU.ActiveCfg = Release|iPhoneSimulator
		{411A8C3C-1F1F-4BB3-935A-D69549E08AF4}.Release|Any CPU.Build.0 = Release|iPhoneSimulator
		{411A8C3C-1F1F-4BB3-935A-D69549E08AF4}.Release|Any CPU.Deploy.0 = Release|iPhoneSimulator
		{411A8C3C-1F1F-4BB3-935A-D69549E08AF4}.Release|iPhone.ActiveCfg = Release|iPhone
		{411A8C3C-1F1F-4BB3-935A-D69549E08AF4}.Release|iPhone.Build.0 = Release|iPhone
		{411A8C3C-1F1F-4BB3-935A-D69549E08AF4}.Release|iPhone.Deploy.0 = Release|iPhone
		{411A8C3C-1F1F-4BB3-935A-D69549E08AF4}.Release|iPhoneSimulator.ActiveCfg = Release|iPhoneSimulator
		{411A8C3C-1F1F-4BB3-935A-D69549E08AF4}.Release|iPhoneSimulator.Build.0 = Release|iPhoneSimulator
		{411A8C3C-1F1F-4BB3-935A-D69549E08AF4}.Release|iPhoneSimulator.Deploy.0 = Release|iPhoneSimulator
		{C43AB87A-A675-4AD5-989A-E032C464C25B}.Debug|Any CPU.ActiveCfg = Debug|Any CPU
		{C43AB87A-A675-4AD5-989A-E032C464C25B}.Debug|Any CPU.Build.0 = Debug|Any CPU
		{C43AB87A-A675-4AD5-989A-E032C464C25B}.Debug|Any CPU.Deploy.0 = Debug|Any CPU
		{C43AB87A-A675-4AD5-989A-E032C464C25B}.Debug|iPhone.ActiveCfg = Debug|Any CPU
		{C43AB87A-A675-4AD5-989A-E032C464C25B}.Debug|iPhone.Build.0 = Debug|Any CPU
		{C43AB87A-A675-4AD5-989A-E032C464C25B}.Debug|iPhone.Deploy.0 = Debug|Any CPU
		{C43AB87A-A675-4AD5-989A-E032C464C25B}.Debug|iPhoneSimulator.ActiveCfg = Debug|Any CPU
		{C43AB87A-A675-4AD5-989A-E032C464C25B}.Debug|iPhoneSimulator.Build.0 = Debug|Any CPU
		{C43AB87A-A675-4AD5-989A-E032C464C25B}.Debug|iPhoneSimulator.Deploy.0 = Debug|Any CPU
		{C43AB87A-A675-4AD5-989A-E032C464C25B}.Release|Any CPU.ActiveCfg = Release|Any CPU
		{C43AB87A-A675-4AD5-989A-E032C464C25B}.Release|Any CPU.Build.0 = Release|Any CPU
		{C43AB87A-A675-4AD5-989A-E032C464C25B}.Release|Any CPU.Deploy.0 = Release|Any CPU
		{C43AB87A-A675-4AD5-989A-E032C464C25B}.Release|iPhone.ActiveCfg = Release|Any CPU
		{C43AB87A-A675-4AD5-989A-E032C464C25B}.Release|iPhone.Build.0 = Release|Any CPU
		{C43AB87A-A675-4AD5-989A-E032C464C25B}.Release|iPhone.Deploy.0 = Release|Any CPU
		{C43AB87A-A675-4AD5-989A-E032C464C25B}.Release|iPhoneSimulator.ActiveCfg = Release|Any CPU
		{C43AB87A-A675-4AD5-989A-E032C464C25B}.Release|iPhoneSimulator.Build.0 = Release|Any CPU
		{C43AB87A-A675-4AD5-989A-E032C464C25B}.Release|iPhoneSimulator.Deploy.0 = Release|Any CPU
	EndGlobalSection
	GlobalSection(SolutionProperties) = preSolution
		HideSolutionNode = FALSE
	EndGlobalSection
	GlobalSection(ExtensibilityGlobals) = postSolution
		SolutionGuid = {ED912E8B-D35A-43B4-A339-B61D8593CA39}
	EndGlobalSection
EndGlobal
